Microsoft Visual Studio Solution File, Format Version 11.00
# Visual Studio 2008

Project("{7444AB52-04FD-E14F-BB96-A79FBBD71F3F}") = "PupetMaster", "Assembly-CSharp.csproj", "{7264A746-A404-74AC-53BF-83DFB0AA8A8B}"
EndProject
Global
	GlobalSection(SolutionConfigurationPlatforms) = preSolution
		Debug|Any CPU = Debug|Any CPU
		Release|Any CPU = Release|Any CPU
	EndGlobalSection
	GlobalSection(ProjectConfigurationPlatforms) = postSolution
		{7264A746-A404-74AC-53BF-83DFB0AA8A8B}.Debug|Any CPU.ActiveCfg = Debug|Any CPU
		{7264A746-A404-74AC-53BF-83DFB0AA8A8B}.Debug|Any CPU.Build.0 = Debug|Any CPU
		{7264A746-A404-74AC-53BF-83DFB0AA8A8B}.Release|Any CPU.ActiveCfg = Release|Any CPU
		{7264A746-A404-74AC-53BF-83DFB0AA8A8B}.Release|Any CPU.Build.0 = Release|Any CPU
	EndGlobalSection
	GlobalSection(SolutionProperties) = preSolution
		HideSolutionNode = FALSE
	EndGlobalSection
	GlobalSection(MonoDevelopProperties) = preSolution
		StartupItem = Assembly-CSharp.csproj
	EndGlobalSection
EndGlobal
